
Microsoft Visual Studio Solution File, Format Version 12.00
# Visual Studio Version 17
VisualStudioVersion = 17.5.002.0
MinimumVisualStudioVersion = 10.0.40219.1
Project("{9A19103F-16F7-4668-BE54-9A1E7A4F7556}") = "Lab4", "Lab4.csproj", "{A8BDC028-A4B6-4C41-B3E6-34398E554556}"
EndProject
Global
	GlobalSection(SolutionConfigurationPlatforms) = preSolution
		Debug|Any CPU = Debug|Any CPU
		Release|Any CPU = Release|Any CPU
	EndGlobalSection
	GlobalSection(ProjectConfigurationPlatforms) = postSolution
		{A8BDC028-A4B6-4C41-B3E6-34398E554556}.Debug|Any CPU.ActiveCfg = Debug|Any CPU
		{A8BDC028-A4B6-4C41-B3E6-34398E554556}.Debug|Any CPU.Build.0 = Debug|Any CPU
		{A8BDC028-A4B6-4C41-B3E6-34398E554556}.Release|Any CPU.ActiveCfg = Release|Any CPU
		{A8BDC028-A4B6-4C41-B3E6-34398E554556}.Release|Any CPU.Build.0 = Release|Any CPU
	EndGlobalSection
	GlobalSection(SolutionProperties) = preSolution
		HideSolutionNode = FALSE
	EndGlobalSection
	GlobalSection(ExtensibilityGlobals) = postSolution
		SolutionGuid = {A6F1645F-4B31-49B5-97B2-35FE1DEE039D}
	EndGlobalSection
EndGlobal
